// !$*UTF8*$!
{
	archiveVersion = 1;
	classes = {
	};
	objectVersion = 50;
	objects = {

/* Begin PBXBuildFile section */
		5190DD11266BB89200B313AE /* ShiftLogger WatchKit App.app in Embed Watch Content */ = {isa = PBXBuildFile; fileRef = 5190DD10266BB89200B313AE /* ShiftLogger WatchKit App.app */; settings = {ATTRIBUTES = (RemoveHeadersOnCopy, ); }; };
		5190DD16266BB89300B313AE /* Assets.xcassets in Resources */ = {isa = PBXBuildFile; fileRef = 5190DD15266BB89300B313AE /* Assets.xcassets */; };
		5190DD1D266BB89300B313AE /* ShiftLogger WatchKit Extension.appex in Embed App Extensions */ = {isa = PBXBuildFile; fileRef = 5190DD1C266BB89300B313AE /* ShiftLogger WatchKit Extension.appex */; settings = {ATTRIBUTES = (RemoveHeadersOnCopy, ); }; };
		5190DD22266BB89300B313AE /* ShiftLoggerApp.swift in Sources */ = {isa = PBXBuildFile; fileRef = 5190DD21266BB89300B313AE /* ShiftLoggerApp.swift */; };
		5190DD24266BB89300B313AE /* ContentView.swift in Sources */ = {isa = PBXBuildFile; fileRef = 5190DD23266BB89300B313AE /* ContentView.swift */; };
		5190DD26266BB89300B313AE /* NotificationController.swift in Sources */ = {isa = PBXBuildFile; fileRef = 5190DD25266BB89300B313AE /* NotificationController.swift */; };
		5190DD28266BB89300B313AE /* NotificationView.swift in Sources */ = {isa = PBXBuildFile; fileRef = 5190DD27266BB89300B313AE /* NotificationView.swift */; };
		5190DD2A266BB89300B313AE /* ComplicationController.swift in Sources */ = {isa = PBXBuildFile; fileRef = 5190DD29266BB89300B313AE /* ComplicationController.swift */; };
		5190DD2C266BB89400B313AE /* Assets.xcassets in Resources */ = {isa = PBXBuildFile; fileRef = 5190DD2B266BB89400B313AE /* Assets.xcassets */; };
		5190DD2F266BB89400B313AE /* Preview Assets.xcassets in Resources */ = {isa = PBXBuildFile; fileRef = 5190DD2E266BB89400B313AE /* Preview Assets.xcassets */; };
		5190DD43266BBE5400B313AE /* SetupView.swift in Sources */ = {isa = PBXBuildFile; fileRef = 5190DD42266BBE5400B313AE /* SetupView.swift */; };
		5190DD4B266BC2F000B313AE /* ShiftSettings.swift in Sources */ = {isa = PBXBuildFile; fileRef = 5190DD4A266BC2F000B313AE /* ShiftSettings.swift */; };
		5190DD50266CDE7100B313AE /* MainMenu.swift in Sources */ = {isa = PBXBuildFile; fileRef = 5190DD4F266CDE7100B313AE /* MainMenu.swift */; };
/* End PBXBuildFile section */

/* Begin PBXContainerItemProxy section */
		5190DD12266BB89200B313AE /* PBXContainerItemProxy */ = {
			isa = PBXContainerItemProxy;
			containerPortal = 5190DD06266BB89200B313AE /* Project object */;
			proxyType = 1;
			remoteGlobalIDString = 5190DD0F266BB89200B313AE;
			remoteInfo = "ShiftLogger WatchKit App";
		};
		5190DD1E266BB89300B313AE /* PBXContainerItemProxy */ = {
			isa = PBXContainerItemProxy;
			containerPortal = 5190DD06266BB89200B313AE /* Project object */;
			proxyType = 1;
			remoteGlobalIDString = 5190DD1B266BB89300B313AE;
			remoteInfo = "ShiftLogger WatchKit Extension";
		};
/* End PBXContainerItemProxy section */

/* Begin PBXCopyFilesBuildPhase section */
		5190DD37266BB89400B313AE /* Embed App Extensions */ = {
			isa = PBXCopyFilesBuildPhase;
			buildActionMask = 2147483647;
			dstPath = "";
			dstSubfolderSpec = 13;
			files = (
				5190DD1D266BB89300B313AE /* ShiftLogger WatchKit Extension.appex in Embed App Extensions */,
			);
			name = "Embed App Extensions";
			runOnlyForDeploymentPostprocessing = 0;
		};
		5190DD3B266BB89400B313AE /* Embed Watch Content */ = {
			isa = PBXCopyFilesBuildPhase;
			buildActionMask = 2147483647;
			dstPath = "$(CONTENTS_FOLDER_PATH)/Watch";
			dstSubfolderSpec = 16;
			files = (
				5190DD11266BB89200B313AE /* ShiftLogger WatchKit App.app in Embed Watch Content */,
			);
			name = "Embed Watch Content";
			runOnlyForDeploymentPostprocessing = 0;
		};
/* End PBXCopyFilesBuildPhase section */

/* Begin PBXFileReference section */
		5190DD0C266BB89200B313AE /* ShiftLogger.app */ = {isa = PBXFileReference; explicitFileType = wrapper.application; includeInIndex = 0; path = ShiftLogger.app; sourceTree = BUILT_PRODUCTS_DIR; };
		5190DD10266BB89200B313AE /* ShiftLogger WatchKit App.app */ = {isa = PBXFileReference; explicitFileType = wrapper.application; includeInIndex = 0; path = "ShiftLogger WatchKit App.app"; sourceTree = BUILT_PRODUCTS_DIR; };
		5190DD15266BB89300B313AE /* Assets.xcassets */ = {isa = PBXFileReference; lastKnownFileType = folder.assetcatalog; path = Assets.xcassets; sourceTree = "<group>"; };
		5190DD17266BB89300B313AE /* Info.plist */ = {isa = PBXFileReference; lastKnownFileType = text.plist.xml; path = Info.plist; sourceTree = "<group>"; };
		5190DD1C266BB89300B313AE /* ShiftLogger WatchKit Extension.appex */ = {isa = PBXFileReference; explicitFileType = "wrapper.app-extension"; includeInIndex = 0; path = "ShiftLogger WatchKit Extension.appex"; sourceTree = BUILT_PRODUCTS_DIR; };
		5190DD21266BB89300B313AE /* ShiftLoggerApp.swift */ = {isa = PBXFileReference; lastKnownFileType = sourcecode.swift; path = ShiftLoggerApp.swift; sourceTree = "<group>"; };
		5190DD23266BB89300B313AE /* ContentView.swift */ = {isa = PBXFileReference; lastKnownFileType = sourcecode.swift; path = ContentView.swift; sourceTree = "<group>"; };
		5190DD25266BB89300B313AE /* NotificationController.swift */ = {isa = PBXFileReference; lastKnownFileType = sourcecode.swift; path = NotificationController.swift; sourceTree = "<group>"; };
		5190DD27266BB89300B313AE /* NotificationView.swift */ = {isa = PBXFileReference; lastKnownFileType = sourcecode.swift; path = NotificationView.swift; sourceTree = "<group>"; };
		5190DD29266BB89300B313AE /* ComplicationController.swift */ = {isa = PBXFileReference; lastKnownFileType = sourcecode.swift; path = ComplicationController.swift; sourceTree = "<group>"; };
		5190DD2B266BB89400B313AE /* Assets.xcassets */ = {isa = PBXFileReference; lastKnownFileType = folder.assetcatalog; path = Assets.xcassets; sourceTree = "<group>"; };
		5190DD2E266BB89400B313AE /* Preview Assets.xcassets */ = {isa = PBXFileReference; lastKnownFileType = folder.assetcatalog; path = "Preview Assets.xcassets"; sourceTree = "<group>"; };
		5190DD30266BB89400B313AE /* Info.plist */ = {isa = PBXFileReference; lastKnownFileType = text.plist.xml; path = Info.plist; sourceTree = "<group>"; };
		5190DD31266BB89400B313AE /* PushNotificationPayload.apns */ = {isa = PBXFileReference; lastKnownFileType = text; path = PushNotificationPayload.apns; sourceTree = "<group>"; };
		5190DD42266BBE5400B313AE /* SetupView.swift */ = {isa = PBXFileReference; lastKnownFileType = sourcecode.swift; path = SetupView.swift; sourceTree = "<group>"; };
		5190DD4A266BC2F000B313AE /* ShiftSettings.swift */ = {isa = PBXFileReference; lastKnownFileType = sourcecode.swift; path = ShiftSettings.swift; sourceTree = "<group>"; };
		5190DD4F266CDE7100B313AE /* MainMenu.swift */ = {isa = PBXFileReference; lastKnownFileType = sourcecode.swift; path = MainMenu.swift; sourceTree = "<group>"; };
/* End PBXFileReference section */

/* Begin PBXFrameworksBuildPhase section */
		5190DD19266BB89300B313AE /* Frameworks */ = {
			isa = PBXFrameworksBuildPhase;
			buildActionMask = 2147483647;
			files = (
			);
			runOnlyForDeploymentPostprocessing = 0;
		};
/* End PBXFrameworksBuildPhase section */

/* Begin PBXGroup section */
		5190DD05266BB89200B313AE = {
			isa = PBXGroup;
			children = (
				5190DD14266BB89200B313AE /* ShiftLogger WatchKit App */,
				5190DD20266BB89300B313AE /* ShiftLogger WatchKit Extension */,
				5190DD0D266BB89200B313AE /* Products */,
			);
			sourceTree = "<group>";
		};
		5190DD0D266BB89200B313AE /* Products */ = {
			isa = PBXGroup;
			children = (
				5190DD0C266BB89200B313AE /* ShiftLogger.app */,
				5190DD10266BB89200B313AE /* ShiftLogger WatchKit App.app */,
				5190DD1C266BB89300B313AE /* ShiftLogger WatchKit Extension.appex */,
			);
			name = Products;
			sourceTree = "<group>";
		};
		5190DD14266BB89200B313AE /* ShiftLogger WatchKit App */ = {
			isa = PBXGroup;
			children = (
				5190DD15266BB89300B313AE /* Assets.xcassets */,
				5190DD17266BB89300B313AE /* Info.plist */,
			);
			path = "ShiftLogger WatchKit App";
			sourceTree = "<group>";
		};
		5190DD20266BB89300B313AE /* ShiftLogger WatchKit Extension */ = {
			isa = PBXGroup;
			children = (
				5190DD21266BB89300B313AE /* ShiftLoggerApp.swift */,
				5190DD23266BB89300B313AE /* ContentView.swift */,
				5190DD4F266CDE7100B313AE /* MainMenu.swift */,
				5190DD42266BBE5400B313AE /* SetupView.swift */,
				5190DD25266BB89300B313AE /* NotificationController.swift */,
				5190DD27266BB89300B313AE /* NotificationView.swift */,
				5190DD29266BB89300B313AE /* ComplicationController.swift */,
				5190DD2B266BB89400B313AE /* Assets.xcassets */,
				5190DD30266BB89400B313AE /* Info.plist */,
				5190DD31266BB89400B313AE /* PushNotificationPayload.apns */,
				5190DD2D266BB89400B313AE /* Preview Content */,
				5190DD4A266BC2F000B313AE /* ShiftSettings.swift */,
			);
			path = "ShiftLogger WatchKit Extension";
			sourceTree = "<group>";
		};
		5190DD2D266BB89400B313AE /* Preview Content */ = {
			isa = PBXGroup;
			children = (
				5190DD2E266BB89400B313AE /* Preview Assets.xcassets */,
			);
			path = "Preview Content";
			sourceTree = "<group>";
		};
/* End PBXGroup section */

/* Begin PBXNativeTarget section */
		5190DD0B266BB89200B313AE /* ShiftLogger */ = {
			isa = PBXNativeTarget;
			buildConfigurationList = 5190DD3C266BB89400B313AE /* Build configuration list for PBXNativeTarget "ShiftLogger" */;
			buildPhases = (
				5190DD0A266BB89200B313AE /* Resources */,
				5190DD3B266BB89400B313AE /* Embed Watch Content */,
			);
			buildRules = (
			);
			dependencies = (
				5190DD13266BB89200B313AE /* PBXTargetDependency */,
			);
			name = ShiftLogger;
			productName = ShiftLogger;
			productReference = 5190DD0C266BB89200B313AE /* ShiftLogger.app */;
			productType = "com.apple.product-type.application.watchapp2-container";
		};
		5190DD0F266BB89200B313AE /* ShiftLogger WatchKit App */ = {
			isa = PBXNativeTarget;
			buildConfigurationList = 5190DD38266BB89400B313AE /* Build configuration list for PBXNativeTarget "ShiftLogger WatchKit App" */;
			buildPhases = (
				5190DD0E266BB89200B313AE /* Resources */,
				5190DD37266BB89400B313AE /* Embed App Extensions */,
			);
			buildRules = (
			);
			dependencies = (
				5190DD1F266BB89300B313AE /* PBXTargetDependency */,
			);
			name = "ShiftLogger WatchKit App";
			productName = "ShiftLogger WatchKit App";
			productReference = 5190DD10266BB89200B313AE /* ShiftLogger WatchKit App.app */;
			productType = "com.apple.product-type.application.watchapp2";
		};
		5190DD1B266BB89300B313AE /* ShiftLogger WatchKit Extension */ = {
			isa = PBXNativeTarget;
			buildConfigurationList = 5190DD34266BB89400B313AE /* Build configuration list for PBXNativeTarget "ShiftLogger WatchKit Extension" */;
			buildPhases = (
				5190DD18266BB89300B313AE /* Sources */,
				5190DD19266BB89300B313AE /* Frameworks */,
				5190DD1A266BB89300B313AE /* Resources */,
			);
			buildRules = (
			);
			dependencies = (
			);
			name = "ShiftLogger WatchKit Extension";
			productName = "ShiftLogger WatchKit Extension";
			productReference = 5190DD1C266BB89300B313AE /* ShiftLogger WatchKit Extension.appex */;
			productType = "com.apple.product-type.watchkit2-extension";
		};
/* End PBXNativeTarget section */

/* Begin PBXProject section */
		5190DD06266BB89200B313AE /* Project object */ = {
			isa = PBXProject;
			attributes = {
				LastSwiftUpdateCheck = 1240;
				LastUpgradeCheck = 1240;
				TargetAttributes = {
					5190DD0B266BB89200B313AE = {
						CreatedOnToolsVersion = 12.4;
					};
					5190DD0F266BB89200B313AE = {
						CreatedOnToolsVersion = 12.4;
					};
					5190DD1B266BB89300B313AE = {
						CreatedOnToolsVersion = 12.4;
					};
				};
			};
			buildConfigurationList = 5190DD09266BB89200B313AE /* Build configuration list for PBXProject "ShiftLogger" */;
			compatibilityVersion = "Xcode 9.3";
			developmentRegion = en;
			hasScannedForEncodings = 0;
			knownRegions = (
				en,
				Base,
			);
			mainGroup = 5190DD05266BB89200B313AE;
			productRefGroup = 5190DD0D266BB89200B313AE /* Products */;
			projectDirPath = "";
			projectRoot = "";
			targets = (
				5190DD0B266BB89200B313AE /* ShiftLogger */,
				5190DD0F266BB89200B313AE /* ShiftLogger WatchKit App */,
				5190DD1B266BB89300B313AE /* ShiftLogger WatchKit Extension */,
			);
		};
/* End PBXProject section */

/* Begin PBXResourcesBuildPhase section */
		5190DD0A266BB89200B313AE /* Resources */ = {
			isa = PBXResourcesBuildPhase;
			buildActionMask = 2147483647;
			files = (
			);
			runOnlyForDeploymentPostprocessing = 0;
		};
		5190DD0E266BB89200B313AE /* Resources */ = {
			isa = PBXResourcesBuildPhase;
			buildActionMask = 2147483647;
			files = (
				5190DD16266BB89300B313AE /* Assets.xcassets in Resources */,
			);
			runOnlyForDeploymentPostprocessing = 0;
		};
		5190DD1A266BB89300B313AE /* Resources */ = {
			isa = PBXResourcesBuildPhase;
			buildActionMask = 2147483647;
			files = (
				5190DD2F266BB89400B313AE /* Preview Assets.xcassets in Resources */,
				5190DD2C266BB89400B313AE /* Assets.xcassets in Resources */,
			);
			runOnlyForDeploymentPostprocessing = 0;
		};
/* End PBXResourcesBuildPhase section */

/* Begin PBXSourcesBuildPhase section */
		5190DD18266BB89300B313AE /* Sources */ = {
			isa = PBXSourcesBuildPhase;
			buildActionMask = 2147483647;
			files = (
				5190DD26266BB89300B313AE /* NotificationController.swift in Sources */,
				5190DD24266BB89300B313AE /* ContentView.swift in Sources */,
				5190DD2A266BB89300B313AE /* ComplicationController.swift in Sources */,
				5190DD50266CDE7100B313AE /* MainMenu.swift in Sources */,
				5190DD22266BB89300B313AE /* ShiftLoggerApp.swift in Sources */,
				5190DD43266BBE5400B313AE /* SetupView.swift in Sources */,
				5190DD28266BB89300B313AE /* NotificationView.swift in Sources */,
				5190DD4B266BC2F000B313AE /* ShiftSettings.swift in Sources */,
			);
			runOnlyForDeploymentPostprocessing = 0;
		};
/* End PBXSourcesBuildPhase section */

/* Begin PBXTargetDependency section */
		5190DD13266BB89200B313AE /* PBXTargetDependency */ = {
			isa = PBXTargetDependency;
			target = 5190DD0F266BB89200B313AE /* ShiftLogger WatchKit App */;
			targetProxy = 5190DD12266BB89200B313AE /* PBXContainerItemProxy */;
		};
		5190DD1F266BB89300B313AE /* PBXTargetDependency */ = {
			isa = PBXTargetDependency;
			target = 5190DD1B266BB89300B313AE /* ShiftLogger WatchKit Extension */;
			targetProxy = 5190DD1E266BB89300B313AE /* PBXContainerItemProxy */;
		};
/* End PBXTargetDependency section */

/* Begin XCBuildConfiguration section */
		5190DD32266BB89400B313AE /* Debug */ = {
			isa = XCBuildConfiguration;
			buildSettings = {
				ALWAYS_SEARCH_USER_PATHS = NO;
				CLANG_ANALYZER_NONNULL = YES;
				CLANG_ANALYZER_NUMBER_OBJECT_CONVERSION = YES_AGGRESSIVE;
				CLANG_CXX_LANGUAGE_STANDARD = "gnu++14";
				CLANG_CXX_LIBRARY = "libc++";
				CLANG_ENABLE_MODULES = YES;
				CLANG_ENABLE_OBJC_ARC = YES;
				CLANG_ENABLE_OBJC_WEAK = YES;
				CLANG_WARN_BLOCK_CAPTURE_AUTORELEASING = YES;
				CLANG_WARN_BOOL_CONVERSION = YES;
				CLANG_WARN_COMMA = YES;
				CLANG_WARN_CONSTANT_CONVERSION = YES;
				CLANG_WARN_DEPRECATED_OBJC_IMPLEMENTATIONS = YES;
				CLANG_WARN_DIRECT_OBJC_ISA_USAGE = YES_ERROR;
				CLANG_WARN_DOCUMENTATION_COMMENTS = YES;
				CLANG_WARN_EMPTY_BODY = YES;
				CLANG_WARN_ENUM_CONVERSION = YES;
				CLANG_WARN_INFINITE_RECURSION = YES;
				CLANG_WARN_INT_CONVERSION = YES;
				CLANG_WARN_NON_LITERAL_NULL_CONVERSION = YES;
				CLANG_WARN_OBJC_IMPLICIT_RETAIN_SELF = YES;
				CLANG_WARN_OBJC_LITERAL_CONVERSION = YES;
				CLANG_WARN_OBJC_ROOT_CLASS = YES_ERROR;
				CLANG_WARN_QUOTED_INCLUDE_IN_FRAMEWORK_HEADER = YES;
				CLANG_WARN_RANGE_LOOP_ANALYSIS = YES;
				CLANG_WARN_STRICT_PROTOTYPES = YES;
				CLANG_WARN_SUSPICIOUS_MOVE = YES;
				CLANG_WARN_UNGUARDED_AVAILABILITY = YES_AGGRESSIVE;
				CLANG_WARN_UNREACHABLE_CODE = YES;
				CLANG_WARN__DUPLICATE_METHOD_MATCH = YES;
				COPY_PHASE_STRIP = NO;
				DEBUG_INFORMATION_FORMAT = dwarf;
				ENABLE_STRICT_OBJC_MSGSEND = YES;
				ENABLE_TESTABILITY = YES;
				GCC_C_LANGUAGE_STANDARD = gnu11;
				GCC_DYNAMIC_NO_PIC = NO;
				GCC_NO_COMMON_BLOCKS = YES;
				GCC_OPTIMIZATION_LEVEL = 0;
				GCC_PREPROCESSOR_DEFINITIONS = (
					"DEBUG=1",
					"$(inherited)",
				);
				GCC_WARN_64_TO_32_BIT_CONVERSION = YES;
				GCC_WARN_ABOUT_RETURN_TYPE = YES_ERROR;
				GCC_WARN_UNDECLARED_SELECTOR = YES;
				GCC_WARN_UNINITIALIZED_AUTOS = YES_AGGRESSIVE;
				GCC_WARN_UNUSED_FUNCTION = YES;
				GCC_WARN_UNUSED_VARIABLE = YES;
				MTL_ENABLE_DEBUG_INFO = INCLUDE_SOURCE;
				MTL_FAST_MATH = YES;
				ONLY_ACTIVE_ARCH = YES;
				SDKROOT = iphoneos;
				SWIFT_ACTIVE_COMPILATION_CONDITIONS = DEBUG;
				SWIFT_OPTIMIZATION_LEVEL = "-Onone";
			};
			name = Debug;
		};
		5190DD33266BB89400B313AE /* Release */ = {
			isa = XCBuildConfiguration;
			buildSettings = {
				ALWAYS_SEARCH_USER_PATHS = NO;
				CLANG_ANALYZER_NONNULL = YES;
				CLANG_ANALYZER_NUMBER_OBJECT_CONVERSION = YES_AGGRESSIVE;
				CLANG_CXX_LANGUAGE_STANDARD = "gnu++14";
				CLANG_CXX_LIBRARY = "libc++";
				CLANG_ENABLE_MODULES = YES;
				CLANG_ENABLE_OBJC_ARC = YES;
				CLANG_ENABLE_OBJC_WEAK = YES;
				CLANG_WARN_BLOCK_CAPTURE_AUTORELEASING = YES;
				CLANG_WARN_BOOL_CONVERSION = YES;
				CLANG_WARN_COMMA = YES;
				CLANG_WARN_CONSTANT_CONVERSION = YES;
				CLANG_WARN_DEPRECATED_OBJC_IMPLEMENTATIONS = YES;
				CLANG_WARN_DIRECT_OBJC_ISA_USAGE = YES_ERROR;
				CLANG_WARN_DOCUMENTATION_COMMENTS = YES;
				CLANG_WARN_EMPTY_BODY = YES;
				CLANG_WARN_ENUM_CONVERSION = YES;
				CLANG_WARN_INFINITE_RECURSION = YES;
				CLANG_WARN_INT_CONVERSION = YES;
				CLANG_WARN_NON_LITERAL_NULL_CONVERSION = YES;
				CLANG_WARN_OBJC_IMPLICIT_RETAIN_SELF = YES;
				CLANG_WARN_OBJC_LITERAL_CONVERSION = YES;
				CLANG_WARN_OBJC_ROOT_CLASS = YES_ERROR;
				CLANG_WARN_QUOTED_INCLUDE_IN_FRAMEWORK_HEADER = YES;
				CLANG_WARN_RANGE_LOOP_ANALYSIS = YES;
				CLANG_WARN_STRICT_PROTOTYPES = YES;
				CLANG_WARN_SUSPICIOUS_MOVE = YES;
				CLANG_WARN_UNGUARDED_AVAILABILITY = YES_AGGRESSIVE;
				CLANG_WARN_UNREACHABLE_CODE = YES;
				CLANG_WARN__DUPLICATE_METHOD_MATCH = YES;
				COPY_PHASE_STRIP = NO;
				DEBUG_INFORMATION_FORMAT = "dwarf-with-dsym";
				ENABLE_NS_ASSERTIONS = NO;
				ENABLE_STRICT_OBJC_MSGSEND = YES;
				GCC_C_LANGUAGE_STANDARD = gnu11;
				GCC_NO_COMMON_BLOCKS = YES;
				GCC_WARN_64_TO_32_BIT_CONVERSION = YES;
				GCC_WARN_ABOUT_RETURN_TYPE = YES_ERROR;
				GCC_WARN_UNDECLARED_SELECTOR = YES;
				GCC_WARN_UNINITIALIZED_AUTOS = YES_AGGRESSIVE;
				GCC_WARN_UNUSED_FUNCTION = YES;
				GCC_WARN_UNUSED_VARIABLE = YES;
				MTL_ENABLE_DEBUG_INFO = NO;
				MTL_FAST_MATH = YES;
				SDKROOT = iphoneos;
				SWIFT_COMPILATION_MODE = wholemodule;
				SWIFT_OPTIMIZATION_LEVEL = "-O";
				VALIDATE_PRODUCT = YES;
			};
			name = Release;
		};
		5190DD35266BB89400B313AE /* Debug */ = {
			isa = XCBuildConfiguration;
			buildSettings = {
				ASSETCATALOG_COMPILER_COMPLICATION_NAME = Complication;
				CODE_SIGN_STYLE = Automatic;
				DEVELOPMENT_ASSET_PATHS = "\"ShiftLogger WatchKit Extension/Preview Content\"";
				DEVELOPMENT_TEAM = 6XB3MJA7F7;
				ENABLE_PREVIEWS = YES;
				INFOPLIST_FILE = "ShiftLogger WatchKit Extension/Info.plist";
				LD_RUNPATH_SEARCH_PATHS = (
					"$(inherited)",
					"@executable_path/Frameworks",
					"@executable_path/../../Frameworks",
				);
				PRODUCT_BUNDLE_IDENTIFIER = uk.co.jesstaylor.ShiftLogger.watchkitapp.watchkitextension;
				PRODUCT_NAME = "${TARGET_NAME}";
				SDKROOT = watchos;
				SKIP_INSTALL = YES;
				SWIFT_VERSION = 5.0;
				TARGETED_DEVICE_FAMILY = 4;
				WATCHOS_DEPLOYMENT_TARGET = 7.2;
			};
			name = Debug;
		};
		5190DD36266BB89400B313AE /* Release */ = {
			isa = XCBuildConfiguration;
			buildSettings = {
				ASSETCATALOG_COMPILER_COMPLICATION_NAME = Complication;
				CODE_SIGN_STYLE = Automatic;
				DEVELOPMENT_ASSET_PATHS = "\"ShiftLogger WatchKit Extension/Preview Content\"";
				DEVELOPMENT_TEAM = 6XB3MJA7F7;
				ENABLE_PREVIEWS = YES;
				INFOPLIST_FILE = "ShiftLogger WatchKit Extension/Info.plist";
				LD_RUNPATH_SEARCH_PATHS = (
					"$(inherited)",
					"@executable_path/Frameworks",
					"@executable_path/../../Frameworks",
				);
				PRODUCT_BUNDLE_IDENTIFIER = uk.co.jesstaylor.ShiftLogger.watchkitapp.watchkitextension;
				PRODUCT_NAME = "${TARGET_NAME}";
				SDKROOT = watchos;
				SKIP_INSTALL = YES;
				SWIFT_VERSION = 5.0;
				TARGETED_DEVICE_FAMILY = 4;
				WATCHOS_DEPLOYMENT_TARGET = 7.2;
			};
			name = Release;
		};
		5190DD39266BB89400B313AE /* Debug */ = {
			isa = XCBuildConfiguration;
			buildSettings = {
				ALWAYS_EMBED_SWIFT_STANDARD_LIBRARIES = YES;
				ASSETCATALOG_COMPILER_APPICON_NAME = AppIcon;
				ASSETCATALOG_COMPILER_GLOBAL_ACCENT_COLOR_NAME = AccentColor;
				CODE_SIGN_STYLE = Automatic;
				DEVELOPMENT_TEAM = 6XB3MJA7F7;
				IBSC_MODULE = ShiftLogger_WatchKit_Extension;
				INFOPLIST_FILE = "ShiftLogger WatchKit App/Info.plist";
				PRODUCT_BUNDLE_IDENTIFIER = uk.co.jesstaylor.ShiftLogger.watchkitapp;
				PRODUCT_NAME = "$(TARGET_NAME)";
				SDKROOT = watchos;
				SKIP_INSTALL = YES;
				SWIFT_VERSION = 5.0;
				TARGETED_DEVICE_FAMILY = 4;
				WATCHOS_DEPLOYMENT_TARGET = 7.2;
			};
			name = Debug;
		};
		5190DD3A266BB89400B313AE /* Release */ = {
			isa = XCBuildConfiguration;
			buildSettings = {
				ALWAYS_EMBED_SWIFT_STANDARD_LIBRARIES = YES;
				ASSETCATALOG_COMPILER_APPICON_NAME = AppIcon;
				ASSETCATALOG_COMPILER_GLOBAL_ACCENT_COLOR_NAME = AccentColor;
				CODE_SIGN_STYLE = Automatic;
				DEVELOPMENT_TEAM = 6XB3MJA7F7;
				IBSC_MODULE = ShiftLogger_WatchKit_Extension;
				INFOPLIST_FILE = "ShiftLogger WatchKit App/Info.plist";
				PRODUCT_BUNDLE_IDENTIFIER = uk.co.jesstaylor.ShiftLogger.watchkitapp;
				PRODUCT_NAME = "$(TARGET_NAME)";
				SDKROOT = watchos;
				SKIP_INSTALL = YES;
				SWIFT_VERSION = 5.0;
				TARGETED_DEVICE_FAMILY = 4;
				WATCHOS_DEPLOYMENT_TARGET = 7.2;
			};
			name = Release;
		};
		5190DD3D266BB89400B313AE /* Debug */ = {
			isa = XCBuildConfiguration;
			buildSettings = {
				CODE_SIGN_STYLE = Automatic;
				CURRENT_PROJECT_VERSION = 1;
				DEVELOPMENT_TEAM = 6XB3MJA7F7;
				MARKETING_VERSION = 1.0;
				PRODUCT_BUNDLE_IDENTIFIER = uk.co.jesstaylor.ShiftLogger;
				PRODUCT_NAME = "$(TARGET_NAME)";
				SWIFT_VERSION = 5.0;
			};
			name = Debug;
		};
		5190DD3E266BB89400B313AE /* Release */ = {
			isa = XCBuildConfiguration;
			buildSettings = {
				CODE_SIGN_STYLE = Automatic;
				CURRENT_PROJECT_VERSION = 1;
				DEVELOPMENT_TEAM = 6XB3MJA7F7;
				MARKETING_VERSION = 1.0;
				PRODUCT_BUNDLE_IDENTIFIER = uk.co.jesstaylor.ShiftLogger;
				PRODUCT_NAME = "$(TARGET_NAME)";
				SWIFT_VERSION = 5.0;
			};
			name = Release;
		};
/* End XCBuildConfiguration section */

/* Begin XCConfigurationList section */
		5190DD09266BB89200B313AE /* Build configuration list for PBXProject "ShiftLogger" */ = {
			isa = XCConfigurationList;
			buildConfigurations = (
				5190DD32266BB89400B313AE /* Debug */,
				5190DD33266BB89400B313AE /* Release */,
			);
			defaultConfigurationIsVisible = 0;
			defaultConfigurationName = Release;
		};
		5190DD34266BB89400B313AE /* Build configuration list for PBXNativeTarget "ShiftLogger WatchKit Extension" */ = {
			isa = XCConfigurationList;
			buildConfigurations = (
				5190DD35266BB89400B313AE /* Debug */,
				5190DD36266BB89400B313AE /* Release */,
			);
			defaultConfigurationIsVisible = 0;
			defaultConfigurationName = Release;
		};
		5190DD38266BB89400B313AE /* Build configuration list for PBXNativeTarget "ShiftLogger WatchKit App" */ = {
			isa = XCConfigurationList;
			buildConfigurations = (
				5190DD39266BB89400B313AE /* Debug */,
				5190DD3A266BB89400B313AE /* Release */,
			);
			defaultConfigurationIsVisible = 0;
			defaultConfigurationName = Release;
		};
		5190DD3C266BB89400B313AE /* Build configuration list for PBXNativeTarget "ShiftLogger" */ = {
			isa = XCConfigurationList;
			buildConfigurations = (
				5190DD3D266BB89400B313AE /* Debug */,
				5190DD3E266BB89400B313AE /* Release */,
			);
			defaultConfigurationIsVisible = 0;
			defaultConfigurationName = Release;
		};
/* End XCConfigurationList section */
	};
	rootObject = 5190DD06266BB89200B313AE /* Project object */;
}
